PODS:
  - agora_rtc_engine (6.6.4):
    - AgoraIrisRTC_iOS (= 4.6.4-build.4)
    - AgoraRtcEngine_iOS (= 4.6.4)
    - Flutter
  - AgoraInfra_iOS (1.3.5)
  - AgoraIrisRTC_iOS (4.6.4-build.4)
  - AgoraRtcEngine_iOS (4.6.4):
    - AgoraRtcEngine_iOS/AIAEC (= 4.6.4)
    - AgoraRtcEngine_iOS/AIAECLL (= 4.6.4)
    - AgoraRtcEngine_iOS/AINS (= 4.6.4)
    - AgoraRtcEngine_iOS/AINSLL (= 4.6.4)
    - AgoraRtcEngine_iOS/AudioBeauty (= 4.6.4)
    - AgoraRtcEngine_iOS/ClearVision (= 4.6.4)
    - AgoraRtcEngine_iOS/ContentInspect (= 4.6.4)
    - AgoraRtcEngine_iOS/FaceCapture (= 4.6.4)
    - AgoraRtcEngine_iOS/FaceDetection (= 4.6.4)
    - AgoraRtcEngine_iOS/LipSync (= 4.6.4)
    - AgoraRtcEngine_iOS/ReplayKit (= 4.6.4)
    - AgoraRtcEngine_iOS/RtcBasic (= 4.6.4)
    - AgoraRtcEngine_iOS/SpatialAudio (= 4.6.4)
    - AgoraRtcEngine_iOS/VideoAv1CodecEnc (= 4.6.4)
    - AgoraRtcEngine_iOS/VideoCodecEnc (= 4.6.4)
    - AgoraRtcEngine_iOS/VirtualBackground (= 4.6.4)
    - AgoraRtcEngine_iOS/VQA (= 4.6.4)
  - AgoraRtcEngine_iOS/AIAEC (4.6.4)
  - AgoraRtcEngine_iOS/AIAECLL (4.6.4)
  - AgoraRtcEngine_iOS/AINS (4.6.4)
  - AgoraRtcEngine_iOS/AINSLL (4.6.4)
  - AgoraRtcEngine_iOS/AudioBeauty (4.6.4)
  - AgoraRtcEngine_iOS/ClearVision (4.6.4)
  - AgoraRtcEngine_iOS/ContentInspect (4.6.4)
  - AgoraRtcEngine_iOS/FaceCapture (4.6.4)
  - AgoraRtcEngine_iOS/FaceDetection (4.6.4)
  - AgoraRtcEngine_iOS/LipSync (4.6.4)
  - AgoraRtcEngine_iOS/ReplayKit (4.6.4)
  - AgoraRtcEngine_iOS/RtcBasic (4.6.4):
    - AgoraInfra_iOS (= 1.3.5)
  - AgoraRtcEngine_iOS/SpatialAudio (4.6.4)
  - AgoraRtcEngine_iOS/VideoAv1CodecEnc (4.6.4)
  - AgoraRtcEngine_iOS/VideoCodecEnc (4.6.4)
  - AgoraRtcEngine_iOS/VirtualBackground (4.6.4)
  - AgoraRtcEngine_iOS/VQA (4.6.4)
  - AppAuth (1.7.6):
    - AppAuth/Core (= 1.7.6)
    - AppAuth/ExternalUserAgent (= 1.7.6)
  - AppAuth/Core (1.7.6)
  - AppAuth/ExternalUserAgent (1.7.6):
    - AppAuth/Core
  - AppCheckCore (11.3.2):
    - GoogleUtilities/Environment (~> 8.0)
    - GoogleUtilities/UserDefaults (~> 8.0)
    - PromisesObjC (~> 2.4)
    - PromisesSwift (~> 2.4)
    - RecaptchaInterop (~> 101.0)
  - camera_avfoundation (0.0.1):
    - Flutter
  - Firebase/Auth (12.18.0):
    - Firebase/CoreOnly
    - FirebaseAuth (~> 12.18.0)
  - Firebase/CoreOnly (12.18.0):
    - FirebaseCore (~> 12.18.0)
  - firebase_auth (6.6.1):
    - Firebase/Auth (= 12.18.0)
    - firebase_core
    - Flutter
  - firebase_core (4.14.0):
    - Firebase/CoreOnly (= 12.18.0)
    - Flutter
  - FirebaseAppCheckInterop (12.18.0)
  - FirebaseAuth (12.18.0):
    - FirebaseAppCheckInterop (~> 12.18.0)
    - FirebaseAuthInterop (~> 12.18.0)
    - FirebaseCore (~> 12.18.0)
    - FirebaseCoreExtension (~> 12.18.0)
    - GoogleUtilities/AppDelegateSwizzler (~> 8.1)
    - GoogleUtilities/Environment (~> 8.1)
    - GTMSessionFetcher/Core (< 6.0, >= 3.4)
    - RecaptchaInterop (~> 101.0)
  - FirebaseAuthInterop (12.18.0)
  - FirebaseCore (12.18.0):
    - FirebaseCoreInternal (~> 12.18.0)
    - GoogleUtilities/Environment (~> 8.1)
    - GoogleUtilities/Logger (~> 8.1)
  - FirebaseCoreExtension (12.18.0):
    - FirebaseCore (~> 12.18.0)
  - FirebaseCoreInternal (12.18.0):
    - "GoogleUtilities/NSData+zlib (~> 8.1)"
  - Flutter (1.0.0)
  - flutter_secure_storage (6.0.0):
    - Flutter
  - google_sign_in_ios (0.0.1):
    - AppAuth (>= 1.7.4)
    - Flutter
    - FlutterMacOS
    - GoogleSignIn (~> 8.0)
    - GTMSessionFetcher (>= 3.4.0)
  - GoogleSignIn (8.0.0):
    - AppAuth (< 2.0, >= 1.7.3)
    - AppCheckCore (~> 11.0)
    - GTMAppAuth (< 5.0, >= 4.1.1)
    - GTMSessionFetcher/Core (~> 3.3)
  - GoogleUtilities/AppDelegateSwizzler (8.1.3):
    - GoogleUtilities/Environment
    - GoogleUtilities/Logger
    - GoogleUtilities/Network
    - GoogleUtilities/Privacy
  - GoogleUtilities/Environment (8.1.3):
    - GoogleUtilities/Privacy
  - GoogleUtilities/Logger (8.1.3):
    - GoogleUtilities/Environment
    - GoogleUtilities/Privacy
  - GoogleUtilities/Network (8.1.3):
    - GoogleUtilities/Logger
    - "GoogleUtilities/NSData+zlib"
    - GoogleUtilities/Privacy
    - GoogleUtilities/Reachability
  - "GoogleUtilities/NSData+zlib (8.1.3)":
    - GoogleUtilities/Privacy
  - GoogleUtilities/Privacy (8.1.3)
  - GoogleUtilities/Reachability (8.1.3):
    - GoogleUtilities/Logger
    - GoogleUtilities/Privacy
  - GoogleUtilities/UserDefaults (8.1.3):
    - GoogleUtilities/Logger
    - GoogleUtilities/Privacy
  - GTMAppAuth (4.1.1):
    - AppAuth/Core (~> 1.7)
    - GTMSessionFetcher/Core (< 4.0, >= 3.3)
  - GTMSessionFetcher (3.5.0):
    - GTMSessionFetcher/Full (= 3.5.0)
  - GTMSessionFetcher/Core (3.5.0)
  - GTMSessionFetcher/Full (3.5.0):
    - GTMSessionFetcher/Core
  - image_picker_ios (0.0.1):
    - Flutter
  - iris_method_channel (0.0.1):
    - Flutter
  - permission_handler_apple (9.4.8):
    - Flutter
  - PromisesObjC (2.4.1)
  - PromisesSwift (2.4.1):
    - PromisesObjC (= 2.4.1)
  - RecaptchaInterop (101.0.0)
  - record_ios (2.0.0):
    - Flutter
  - shared_preferences_foundation (0.0.1):
    - Flutter
    - FlutterMacOS
  - url_launcher_ios (0.0.1):
    - Flutter
  - video_player_avfoundation (0.0.1):
    - Flutter
    - FlutterMacOS

DEPENDENCIES:
  - agora_rtc_engine (from `.symlinks/plugins/agora_rtc_engine/ios`)
  - camera_avfoundation (from `.symlinks/plugins/camera_avfoundation/ios`)
  - firebase_auth (from `.symlinks/plugins/firebase_auth/ios`)
  - firebase_core (from `.symlinks/plugins/firebase_core/ios`)
  - Flutter (from `Flutter`)
  - flutter_secure_storage (from `.symlinks/plugins/flutter_secure_storage/ios`)
  - google_sign_in_ios (from `.symlinks/plugins/google_sign_in_ios/darwin`)
  - image_picker_ios (from `.symlinks/plugins/image_picker_ios/ios`)
  - iris_method_channel (from `.symlinks/plugins/iris_method_channel/ios`)
  - permission_handler_apple (from `.symlinks/plugins/permission_handler_apple/ios`)
  - record_ios (from `.symlinks/plugins/record_ios/ios`)
  - shared_preferences_foundation (from `.symlinks/plugins/shared_preferences_foundation/darwin`)
  - url_launcher_ios (from `.symlinks/plugins/url_launcher_ios/ios`)
  - video_player_avfoundation (from `.symlinks/plugins/video_player_avfoundation/darwin`)

SPEC REPOS:
  trunk:
    - AgoraInfra_iOS
    - AgoraIrisRTC_iOS
    - AgoraRtcEngine_iOS
    - AppAuth
    - AppCheckCore
    - Firebase
    - FirebaseAppCheckInterop
    - FirebaseAuth
    - FirebaseAuthInterop
    - FirebaseCore
    - FirebaseCoreExtension
    - FirebaseCoreInternal
    - GoogleSignIn
    - GoogleUtilities
    - GTMAppAuth
    - GTMSessionFetcher
    - PromisesObjC
    - PromisesSwift
    - RecaptchaInterop

EXTERNAL SOURCES:
  agora_rtc_engine:
    :path: ".symlinks/plugins/agora_rtc_engine/ios"
  camera_avfoundation:
    :path: ".symlinks/plugins/camera_avfoundation/ios"
  firebase_auth:
    :path: ".symlinks/plugins/firebase_auth/ios"
  firebase_core:
    :path: ".symlinks/plugins/firebase_core/ios"
  Flutter:
    :path: Flutter
  flutter_secure_storage:
    :path: ".symlinks/plugins/flutter_secure_storage/ios"
  google_sign_in_ios:
    :path: ".symlinks/plugins/google_sign_in_ios/darwin"
  image_picker_ios:
    :path: ".symlinks/plugins/image_picker_ios/ios"
  iris_method_channel:
    :path: ".symlinks/plugins/iris_method_channel/ios"
  permission_handler_apple:
    :path: ".symlinks/plugins/permission_handler_apple/ios"
  record_ios:
    :path: ".symlinks/plugins/record_ios/ios"
  shared_preferences_foundation:
    :path: ".symlinks/plugins/shared_preferences_foundation/darwin"
  url_launcher_ios:
    :path: ".symlinks/plugins/url_launcher_ios/ios"
  video_player_avfoundation:
    :path: ".symlinks/plugins/video_player_avfoundation/darwin"

SPEC CHECKSUMS:
  agora_rtc_engine: e8c044406b247a4388865665be14a2617db1fa36
  AgoraInfra_iOS: 0bf927aad4fc425b24ca5d094b333361960f5cb0
  AgoraIrisRTC_iOS: 62c1cec878320d75ee2c5ebb43f0e72659a2bbf3
  AgoraRtcEngine_iOS: 2ac3c06dd68eff8e895b5529e59a10a05da63878
  AppAuth: d4f13a8fe0baf391b2108511793e4b479691fb73
  AppCheckCore: be8fce5469f68d7f6a29aa94b25f097409ff7fdc
  camera_avfoundation: 281867ff09f1da66f031a184ecfbc6f2e625c9f5
  Firebase: 5523dd53ebe603451b4e1befcd99fa20a5c015cd
  firebase_auth: 8c86ebb960d57cd0841ce4dd8e14c2a550406317
  firebase_core: 9bb8d013f9b36a31d32e34629e5348dd51d8e35e
  FirebaseAppCheckInterop: 8c2fe8b563377bd948ee6acc2871fe2dfb3a034a
  FirebaseAuth: 389097b0c63059262aa02800cb0b93c9fab09130
  FirebaseAuthInterop: 32c03820809ddc9e63dfaaf3711ce2ac8da7e6ae
  FirebaseCore: 96787d19ee32dc2242cc487b301bc616afeb398b
  FirebaseCoreExtension: a86bab02524ca2bff95dddab7a3fcad505c2ddeb
  FirebaseCoreInternal: 93b2d5f9e184c6818a04433891c358b0720a6a38
  Flutter: cabc95a1d2626b1b06e7179b784ebcf0c0cde467
  flutter_secure_storage: d33dac7ae2ea08509be337e775f6b59f1ff45f12
  google_sign_in_ios: 7411fab6948df90490dc4620ecbcabdc3ca04017
  GoogleSignIn: ce8c89bb9b37fb624b92e7514cc67335d1e277e4
  GoogleUtilities: 4e0c2ad9fa0d0d18b5c4df8bf57b461cba35b0bb
  GTMAppAuth: f69bd07d68cd3b766125f7e072c45d7340dea0de
  GTMSessionFetcher: 5aea5ba6bd522a239e236100971f10cb71b96ab6
  image_picker_ios: 4f2f91b01abdb52842a8e277617df877e40f905b
  iris_method_channel: 4e3fe7fe6b2db1b84feae956e98ce1479402627a
  permission_handler_apple: ee2fe0fd04551b304eb002714ff067c371c822ed
  PromisesObjC: 752c3227f599e3467650e47ea36f433eeb10c273
  PromisesSwift: 217dea0fd5d2ad65222a109c48698add13cc1c5b
  RecaptchaInterop: 11e0b637842dfb48308d242afc3f448062325aba
  record_ios: 41f9412c3311401689babe6d7ba69362f10b8325
  shared_preferences_foundation: 5086985c1d43c5ba4d5e69a4e8083a389e2909e6
  url_launcher_ios: bb13df5870e8c4234ca12609d04010a21be43dfa
  video_player_avfoundation: e54d03b3b19f64f2c557354f72ce538387541ba6

PODFILE CHECKSUM: 6fb173a1011e2ec2279e43232ccd7a0b29e07b21

COCOAPODS: 1.12.1
